
Microsoft Visual Studio Solution File, Format Version 12.00
# Visual Studio 2012
Project("{FAE04EC0-301F-11D3-BF4B-00C04F79EFBC}") = "alinefour", "alinefour.csproj", "{682112A5-CCEA-44A6-8D47-E4BB0B41EAFD}"
EndProject
Project("{2150E333-8FDC-42A3-9474-1A3956D46DE8}") = ".nuget", ".nuget", "{D1C244F3-16D1-445D-9686-9354EB3EE7E5}"
	ProjectSection(SolutionItems) = preProject
		.nuget\NuGet.Config = .nuget\NuGet.Config
		.nuget\NuGet.exe = .nuget\NuGet.exe
		.nuget\NuGet.targets = .nuget\NuGet.targets
	EndProjectSection
EndProject
Project("{2150E333-8FDC-42A3-9474-1A3956D46DE8}") = "Solution Items", "Solution Items", "{27B8B2F7-AB0C-4562-B579-21BE43A4338E}"
	ProjectSection(SolutionItems) = preProject
		..\scripts\console.js = ..\scripts\console.js
		..\scripts\game.js = ..\scripts\game.js
		..\scripts\games.insert.js = ..\scripts\games.insert.js
		games.read.js = games.read.js
		..\scripts\games.update.js = ..\scripts\games.update.js
		..\scripts\players.insert.js = ..\scripts\players.insert.js
		..\scripts\players.read.js = ..\scripts\players.read.js
	EndProjectSection
EndProject
Global
	GlobalSection(SolutionConfigurationPlatforms) = preSolution
		Debug|Any CPU = Debug|Any CPU
		Debug|ARM = Debug|ARM
		Debug|x64 = Debug|x64
		Debug|x86 = Debug|x86
		Release|Any CPU = Release|Any CPU
		Release|ARM = Release|ARM
		Release|x64 = Release|x64
		Release|x86 = Release|x86
	EndGlobalSection
	GlobalSection(ProjectConfigurationPlatforms) = postSolution
		{682112A5-CCEA-44A6-8D47-E4BB0B41EAFD}.Debug|Any CPU.ActiveCfg = Debug|Any CPU
		{682112A5-CCEA-44A6-8D47-E4BB0B41EAFD}.Debug|Any CPU.Build.0 = Debug|Any CPU
		{682112A5-CCEA-44A6-8D47-E4BB0B41EAFD}.Debug|Any CPU.Deploy.0 = Debug|Any CPU
		{682112A5-CCEA-44A6-8D47-E4BB0B41EAFD}.Debug|ARM.ActiveCfg = Debug|ARM
		{682112A5-CCEA-44A6-8D47-E4BB0B41EAFD}.Debug|ARM.Build.0 = Debug|ARM
		{682112A5-CCEA-44A6-8D47-E4BB0B41EAFD}.Debug|ARM.Deploy.0 = Debug|ARM
		{682112A5-CCEA-44A6-8D47-E4BB0B41EAFD}.Debug|x64.ActiveCfg = Debug|x64
		{682112A5-CCEA-44A6-8D47-E4BB0B41EAFD}.Debug|x64.Build.0 = Debug|x64
		{682112A5-CCEA-44A6-8D47-E4BB0B41EAFD}.Debug|x64.Deploy.0 = Debug|x64
		{682112A5-CCEA-44A6-8D47-E4BB0B41EAFD}.Debug|x86.ActiveCfg = Debug|x86
		{682112A5-CCEA-44A6-8D47-E4BB0B41EAFD}.Debug|x86.Build.0 = Debug|x86
		{682112A5-CCEA-44A6-8D47-E4BB0B41EAFD}.Debug|x86.Deploy.0 = Debug|x86
		{682112A5-CCEA-44A6-8D47-E4BB0B41EAFD}.Release|Any CPU.ActiveCfg = Release|Any CPU
		{682112A5-CCEA-44A6-8D47-E4BB0B41EAFD}.Release|Any CPU.Build.0 = Release|Any CPU
		{682112A5-CCEA-44A6-8D47-E4BB0B41EAFD}.Release|Any CPU.Deploy.0 = Release|Any CPU
		{682112A5-CCEA-44A6-8D47-E4BB0B41EAFD}.Release|ARM.ActiveCfg = Release|ARM
		{682112A5-CCEA-44A6-8D47-E4BB0B41EAFD}.Release|ARM.Build.0 = Release|ARM
		{682112A5-CCEA-44A6-8D47-E4BB0B41EAFD}.Release|ARM.Deploy.0 = Release|ARM
		{682112A5-CCEA-44A6-8D47-E4BB0B41EAFD}.Release|x64.ActiveCfg = Release|x64
		{682112A5-CCEA-44A6-8D47-E4BB0B41EAFD}.Release|x64.Build.0 = Release|x64
		{682112A5-CCEA-44A6-8D47-E4BB0B41EAFD}.Release|x64.Deploy.0 = Release|x64
		{682112A5-CCEA-44A6-8D47-E4BB0B41EAFD}.Release|x86.ActiveCfg = Release|x86
		{682112A5-CCEA-44A6-8D47-E4BB0B41EAFD}.Release|x86.Build.0 = Release|x86
		{682112A5-CCEA-44A6-8D47-E4BB0B41EAFD}.Release|x86.Deploy.0 = Release|x86
	EndGlobalSection
	GlobalSection(SolutionProperties) = preSolution
		HideSolutionNode = FALSE
	EndGlobalSection
EndGlobal
